
Microsoft Visual Studio Solution File, Format Version 12.00
# Visual Studio 14
VisualStudioVersion = 14.0.22310.1
MinimumVisualStudioVersion = 10.0.40219.1
Project("{FAE04EC0-301F-11D3-BF4B-00C04F79EFBC}") = "WebApplication1", "WebApplication1\WebApplication1.csproj", "{2EC4EC8D-724C-4E0A-8C2E-56DA4A313894}"
EndProject
Project("{2150E333-8FDC-42A3-9474-1A3956D46DE8}") = "PublishScripts", "PublishScripts", "{7380E3E0-C502-4C36-A5A4-B61085735932}"
	ProjectSection(SolutionItems) = preProject
		PublishScripts\AzureWebsitePublishModule.psm1 = PublishScripts\AzureWebsitePublishModule.psm1
		PublishScripts\Publish-WebApplicationWebsite.ps1 = PublishScripts\Publish-WebApplicationWebsite.ps1
	EndProjectSection
EndProject
Project("{2150E333-8FDC-42A3-9474-1A3956D46DE8}") = "Configurations", "Configurations", "{8CC7F119-162A-45E8-B3D5-51F82804724E}"
	ProjectSection(SolutionItems) = preProject
		PublishScripts\Configurations\WebApplication1-WAWS-dev.json = PublishScripts\Configurations\WebApplication1-WAWS-dev.json
	EndProjectSection
EndProject
Global
	GlobalSection(SolutionConfigurationPlatforms) = preSolution
		Debug|Any CPU = Debug|Any CPU
		Release|Any CPU = Release|Any CPU
	EndGlobalSection
	GlobalSection(ProjectConfigurationPlatforms) = postSolution
		{2EC4EC8D-724C-4E0A-8C2E-56DA4A313894}.Debug|Any CPU.ActiveCfg = Debug|Any CPU
		{2EC4EC8D-724C-4E0A-8C2E-56DA4A313894}.Debug|Any CPU.Build.0 = Debug|Any CPU
		{2EC4EC8D-724C-4E0A-8C2E-56DA4A313894}.Release|Any CPU.ActiveCfg = Release|Any CPU
		{2EC4EC8D-724C-4E0A-8C2E-56DA4A313894}.Release|Any CPU.Build.0 = Release|Any CPU
	EndGlobalSection
	GlobalSection(SolutionProperties) = preSolution
		HideSolutionNode = FALSE
	EndGlobalSection
	GlobalSection(NestedProjects) = preSolution
		{8CC7F119-162A-45E8-B3D5-51F82804724E} = {7380E3E0-C502-4C36-A5A4-B61085735932}
	EndGlobalSection
EndGlobal
