
Microsoft Visual Studio Solution File, Format Version 12.00
# Visual Studio Version 16
VisualStudioVersion = 16.0.29728.190
MinimumVisualStudioVersion = 10.0.40219.1
Project("{9A19103F-16F7-4668-BE54-9A1E7A4F7556}") = "WebApplication2", "WebApplication2\WebApplication2.csproj", "{E0DFC63F-1B71-471F-BF79-1BB3F6563FBB}"
EndProject
Global
	GlobalSection(SolutionConfigurationPlatforms) = preSolution
		Debug|Any CPU = Debug|Any CPU
		Release|Any CPU = Release|Any CPU
	EndGlobalSection
	GlobalSection(ProjectConfigurationPlatforms) = postSolution
		{E0DFC63F-1B71-471F-BF79-1BB3F6563FBB}.Debug|Any CPU.ActiveCfg = Debug|Any CPU
		{E0DFC63F-1B71-471F-BF79-1BB3F6563FBB}.Debug|Any CPU.Build.0 = Debug|Any CPU
		{E0DFC63F-1B71-471F-BF79-1BB3F6563FBB}.Release|Any CPU.ActiveCfg = Release|Any CPU
		{E0DFC63F-1B71-471F-BF79-1BB3F6563FBB}.Release|Any CPU.Build.0 = Release|Any CPU
	EndGlobalSection
	GlobalSection(SolutionProperties) = preSolution
		HideSolutionNode = FALSE
	EndGlobalSection
	GlobalSection(ExtensibilityGlobals) = postSolution
		SolutionGuid = {7954E872-02E9-4273-B7E4-884DA047BABC}
	EndGlobalSection
EndGlobal
